
Microsoft Visual Studio Solution File, Format Version 12.00
# Visual Studio 2013
VisualStudioVersion = 12.0.40629.0
MinimumVisualStudioVersion = 10.0.40219.1
Project("{FAE04EC0-301F-11D3-BF4B-00C04F79EFBC}") = "NuGetSample", "NuGetSample\NuGetSample.csproj", "{C44F247E-2F6B-4A00-9ED0-E2F1D5A4082E}"
EndProject
Project("{FAE04EC0-301F-11D3-BF4B-00C04F79EFBC}") = "NuGetSampleLibrary", "NuGetSampleLibrary\NuGetSampleLibrary.csproj", "{837863BE-0CEA-4E61-A5CA-314623DC5A3B}"
EndProject
Project("{2150E333-8FDC-42A3-9474-1A3956D46DE8}") = ".nuget", ".nuget", "{BBDF31AB-904D-40E3-82EF-94151842C326}"
	ProjectSection(SolutionItems) = preProject
		.nuget\packages.config = .nuget\packages.config
	EndProjectSection
EndProject
Global
	GlobalSection(SolutionConfigurationPlatforms) = preSolution
		Debug|Any CPU = Debug|Any CPU
		Release|Any CPU = Release|Any CPU
	EndGlobalSection
	GlobalSection(ProjectConfigurationPlatforms) = postSolution
		{C44F247E-2F6B-4A00-9ED0-E2F1D5A4082E}.Debug|Any CPU.ActiveCfg = Debug|Any CPU
		{C44F247E-2F6B-4A00-9ED0-E2F1D5A4082E}.Debug|Any CPU.Build.0 = Debug|Any CPU
		{C44F247E-2F6B-4A00-9ED0-E2F1D5A4082E}.Release|Any CPU.ActiveCfg = Release|Any CPU
		{C44F247E-2F6B-4A00-9ED0-E2F1D5A4082E}.Release|Any CPU.Build.0 = Release|Any CPU
		{837863BE-0CEA-4E61-A5CA-314623DC5A3B}.Debug|Any CPU.ActiveCfg = Debug|Any CPU
		{837863BE-0CEA-4E61-A5CA-314623DC5A3B}.Debug|Any CPU.Build.0 = Debug|Any CPU
		{837863BE-0CEA-4E61-A5CA-314623DC5A3B}.Release|Any CPU.ActiveCfg = Release|Any CPU
		{837863BE-0CEA-4E61-A5CA-314623DC5A3B}.Release|Any CPU.Build.0 = Release|Any CPU
	EndGlobalSection
	GlobalSection(SolutionProperties) = preSolution
		HideSolutionNode = FALSE
	EndGlobalSection
EndGlobal
